<Solution>
  <Folder Name="/src/">
    <Project Path="src/AgrosolutionsWorkerSensors.Application/AgrosolutionsWorkerSensors.Application.csproj" />
    <Project Path="src/AgrosolutionsWorkerSensors.Domain/AgrosolutionsWorkerSensors.Domain.csproj" />
    <Project Path="src/AgrosolutionsWorkerSensors.Host/AgrosolutionsWorkerSensors.Host.csproj" />
    <Project Path="src/AgrosolutionsWorkerSensors.Infrastructure/AgrosolutionsWorkerSensors.Infrastructure.csproj" />
  </Folder>
</Solution>
